
Microsoft Visual Studio Solution File, Format Version 12.00
# Visual Studio Version 16
VisualStudioVersion = 16.0.30114.105
MinimumVisualStudioVersion = 10.0.40219.1
Project("{2150E333-8FDC-42A3-9474-1A3956D46DE8}") = "src", "src", "{3F317F86-F09B-4535-84BE-B7808BD54F02}"
EndProject
Project("{FAE04EC0-301F-11D3-BF4B-00C04F79EFBC}") = "FitnessTracker.Api", "src\FitnessTracker.Api\FitnessTracker.Api.csproj", "{17E21FEE-BCB2-49B3-B300-653ACDC3BBAB}"
EndProject
Project("{FAE04EC0-301F-11D3-BF4B-00C04F79EFBC}") = "FitnessTracker.Application", "src\FitnessTracker.Application\FitnessTracker.Application.csproj", "{26972EA7-8FB9-4DA8-A06C-AD5BADAF3A38}"
EndProject
Project("{FAE04EC0-301F-11D3-BF4B-00C04F79EFBC}") = "FitnessTracker.Domain", "src\FitnessTracker.Domain\FitnessTracker.Domain.csproj", "{45A89620-A354-4BE9-93EF-DE30B55F6C16}"
EndProject
Project("{FAE04EC0-301F-11D3-BF4B-00C04F79EFBC}") = "FitnessTracker.Infrastructure", "src\FitnessTracker.Infrastructure\FitnessTracker.Infrastructure.csproj", "{06C6622C-1DAC-41B0-A834-0E4D7372FCDE}"
EndProject
Project("{FAE04EC0-301F-11D3-BF4B-00C04F79EFBC}") = "FitnessTracker.Interfaces", "src\FitnessTracker.Interfaces\FitnessTracker.Interfaces.csproj", "{F9162C78-0C9C-4A0C-ADCE-3AACC81D7C8E}"
EndProject
Project("{FAE04EC0-301F-11D3-BF4B-00C04F79EFBC}") = "FitnessTracker.Models", "src\FitnessTracker.Models\FitnessTracker.Models.csproj", "{5192DC6D-CFA6-4277-95EE-D80E49A9A86D}"
EndProject
Project("{FAE04EC0-301F-11D3-BF4B-00C04F79EFBC}") = "FitnessTracker.Contracts", "src\FitnessTracker.Contracts\FitnessTracker.Contracts.csproj", "{B9CECD10-6503-469D-AE55-02DDEA43780A}"
EndProject
Project("{2150E333-8FDC-42A3-9474-1A3956D46DE8}") = "tests", "tests", "{7021AF28-0FD1-41A4-80FC-ADAB2A33B4C2}"
EndProject
Project("{FAE04EC0-301F-11D3-BF4B-00C04F79EFBC}") = "FitnessTracker.UnitTests", "tests\FitnessTracker.UnitTests\FitnessTracker.UnitTests.csproj", "{9AEC581B-4F69-468C-82CE-514B3C60A4AE}"
EndProject
Global
	GlobalSection(SolutionConfigurationPlatforms) = preSolution
		Debug|Any CPU = Debug|Any CPU
		Release|Any CPU = Release|Any CPU
	EndGlobalSection
	GlobalSection(SolutionProperties) = preSolution
		HideSolutionNode = FALSE
	EndGlobalSection
	GlobalSection(ProjectConfigurationPlatforms) = postSolution
		{17E21FEE-BCB2-49B3-B300-653ACDC3BBAB}.Debug|Any CPU.ActiveCfg = Debug|Any CPU
		{17E21FEE-BCB2-49B3-B300-653ACDC3BBAB}.Debug|Any CPU.Build.0 = Debug|Any CPU
		{17E21FEE-BCB2-49B3-B300-653ACDC3BBAB}.Release|Any CPU.ActiveCfg = Release|Any CPU
		{17E21FEE-BCB2-49B3-B300-653ACDC3BBAB}.Release|Any CPU.Build.0 = Release|Any CPU
		{26972EA7-8FB9-4DA8-A06C-AD5BADAF3A38}.Debug|Any CPU.ActiveCfg = Debug|Any CPU
		{26972EA7-8FB9-4DA8-A06C-AD5BADAF3A38}.Debug|Any CPU.Build.0 = Debug|Any CPU
		{26972EA7-8FB9-4DA8-A06C-AD5BADAF3A38}.Release|Any CPU.ActiveCfg = Release|Any CPU
		{26972EA7-8FB9-4DA8-A06C-AD5BADAF3A38}.Release|Any CPU.Build.0 = Release|Any CPU
		{45A89620-A354-4BE9-93EF-DE30B55F6C16}.Debug|Any CPU.ActiveCfg = Debug|Any CPU
		{45A89620-A354-4BE9-93EF-DE30B55F6C16}.Debug|Any CPU.Build.0 = Debug|Any CPU
		{45A89620-A354-4BE9-93EF-DE30B55F6C16}.Release|Any CPU.ActiveCfg = Release|Any CPU
		{45A89620-A354-4BE9-93EF-DE30B55F6C16}.Release|Any CPU.Build.0 = Release|Any CPU
		{06C6622C-1DAC-41B0-A834-0E4D7372FCDE}.Debug|Any CPU.ActiveCfg = Debug|Any CPU
		{06C6622C-1DAC-41B0-A834-0E4D7372FCDE}.Debug|Any CPU.Build.0 = Debug|Any CPU
		{06C6622C-1DAC-41B0-A834-0E4D7372FCDE}.Release|Any CPU.ActiveCfg = Release|Any CPU
		{06C6622C-1DAC-41B0-A834-0E4D7372FCDE}.Release|Any CPU.Build.0 = Release|Any CPU
		{F9162C78-0C9C-4A0C-ADCE-3AACC81D7C8E}.Debug|Any CPU.ActiveCfg = Debug|Any CPU
		{F9162C78-0C9C-4A0C-ADCE-3AACC81D7C8E}.Debug|Any CPU.Build.0 = Debug|Any CPU
		{F9162C78-0C9C-4A0C-ADCE-3AACC81D7C8E}.Release|Any CPU.ActiveCfg = Release|Any CPU
		{F9162C78-0C9C-4A0C-ADCE-3AACC81D7C8E}.Release|Any CPU.Build.0 = Release|Any CPU
		{5192DC6D-CFA6-4277-95EE-D80E49A9A86D}.Debug|Any CPU.ActiveCfg = Debug|Any CPU
		{5192DC6D-CFA6-4277-95EE-D80E49A9A86D}.Debug|Any CPU.Build.0 = Debug|Any CPU
		{5192DC6D-CFA6-4277-95EE-D80E49A9A86D}.Release|Any CPU.ActiveCfg = Release|Any CPU
		{5192DC6D-CFA6-4277-95EE-D80E49A9A86D}.Release|Any CPU.Build.0 = Release|Any CPU
		{B9CECD10-6503-469D-AE55-02DDEA43780A}.Debug|Any CPU.ActiveCfg = Debug|Any CPU
		{B9CECD10-6503-469D-AE55-02DDEA43780A}.Debug|Any CPU.Build.0 = Debug|Any CPU
		{B9CECD10-6503-469D-AE55-02DDEA43780A}.Release|Any CPU.ActiveCfg = Release|Any CPU
		{B9CECD10-6503-469D-AE55-02DDEA43780A}.Release|Any CPU.Build.0 = Release|Any CPU
		{9AEC581B-4F69-468C-82CE-514B3C60A4AE}.Debug|Any CPU.ActiveCfg = Debug|Any CPU
		{9AEC581B-4F69-468C-82CE-514B3C60A4AE}.Debug|Any CPU.Build.0 = Debug|Any CPU
		{9AEC581B-4F69-468C-82CE-514B3C60A4AE}.Release|Any CPU.ActiveCfg = Release|Any CPU
		{9AEC581B-4F69-468C-82CE-514B3C60A4AE}.Release|Any CPU.Build.0 = Release|Any CPU
	EndGlobalSection
	GlobalSection(NestedProjects) = preSolution
		{17E21FEE-BCB2-49B3-B300-653ACDC3BBAB} = {3F317F86-F09B-4535-84BE-B7808BD54F02}
		{26972EA7-8FB9-4DA8-A06C-AD5BADAF3A38} = {3F317F86-F09B-4535-84BE-B7808BD54F02}
		{45A89620-A354-4BE9-93EF-DE30B55F6C16} = {3F317F86-F09B-4535-84BE-B7808BD54F02}
		{06C6622C-1DAC-41B0-A834-0E4D7372FCDE} = {3F317F86-F09B-4535-84BE-B7808BD54F02}
		{F9162C78-0C9C-4A0C-ADCE-3AACC81D7C8E} = {3F317F86-F09B-4535-84BE-B7808BD54F02}
		{5192DC6D-CFA6-4277-95EE-D80E49A9A86D} = {3F317F86-F09B-4535-84BE-B7808BD54F02}
		{B9CECD10-6503-469D-AE55-02DDEA43780A} = {3F317F86-F09B-4535-84BE-B7808BD54F02}
		{9AEC581B-4F69-468C-82CE-514B3C60A4AE} = {7021AF28-0FD1-41A4-80FC-ADAB2A33B4C2}
	EndGlobalSection
EndGlobal
